// !$*UTF8*$!
{
	archiveVersion = 1;
	classes = {
	};
	objectVersion = 77;
	objects = {

/* Begin PBXBuildFile section */
		485B9DB12FBC5EAF0086E173 /* AppDelegate.swift in Sources */ = {isa = PBXBuildFile; fileRef = 485B9DB02FBC5EAF0086E173 /* AppDelegate.swift */; };
		485B9DB32FBC5EAF0086E173 /* SceneDelegate.swift in Sources */ = {isa = PBXBuildFile; fileRef = 485B9DB22FBC5EAF0086E173 /* SceneDelegate.swift */; };
		485B9DB62FBC5EAF0086E173 /* LaunchScreen.storyboard in Resources */ = {isa = PBXBuildFile; fileRef = 485B9DB42FBC5EAF0086E173 /* LaunchScreen.storyboard */; };
		485B9DB92FBC5EAF0086E173 /* Main.storyboard in Resources */ = {isa = PBXBuildFile; fileRef = 485B9DB72FBC5EAF0086E173 /* Main.storyboard */; };
		485B9DC22FBC5EAF0086E173 /* AppDelegate.swift in Sources */ = {isa = PBXBuildFile; fileRef = 485B9DC12FBC5EAF0086E173 /* AppDelegate.swift */; };
		485B9DC52FBC5EAF0086E173 /* Main.storyboard in Resources */ = {isa = PBXBuildFile; fileRef = 485B9DC32FBC5EAF0086E173 /* Main.storyboard */; };
		485B9DCC2FBC5EAF0086E173 /* SitewipeHost Extension.appex in Embed Foundation Extensions */ = {isa = PBXBuildFile; fileRef = 485B9DCB2FBC5EAF0086E173 /* SitewipeHost Extension.appex */; settings = {ATTRIBUTES = (RemoveHeadersOnCopy, ); }; };
		485B9DD62FBC5EAF0086E173 /* SitewipeHost Extension.appex in Embed Foundation Extensions */ = {isa = PBXBuildFile; fileRef = 485B9DD52FBC5EAF0086E173 /* SitewipeHost Extension.appex */; settings = {ATTRIBUTES = (RemoveHeadersOnCopy, ); }; };
		485B9DDB2FBC5EAF0086E173 /* Main.html in Resources */ = {isa = PBXBuildFile; fileRef = 485B9DA02FBC5EAE0086E173 /* Main.html */; };
		485B9DDC2FBC5EAF0086E173 /* Main.html in Resources */ = {isa = PBXBuildFile; fileRef = 485B9DA02FBC5EAE0086E173 /* Main.html */; };
		485B9DDD2FBC5EAF0086E173 /* Icon.png in Resources */ = {isa = PBXBuildFile; fileRef = 485B9DA22FBC5EAE0086E173 /* Icon.png */; };
		485B9DDE2FBC5EAF0086E173 /* Icon.png in Resources */ = {isa = PBXBuildFile; fileRef = 485B9DA22FBC5EAE0086E173 /* Icon.png */; };
		485B9DDF2FBC5EAF0086E173 /* Style.css in Resources */ = {isa = PBXBuildFile; fileRef = 485B9DA32FBC5EAE0086E173 /* Style.css */; };
		485B9DE02FBC5EAF0086E173 /* Style.css in Resources */ = {isa = PBXBuildFile; fileRef = 485B9DA32FBC5EAE0086E173 /* Style.css */; };
		485B9DE12FBC5EAF0086E173 /* Script.js in Resources */ = {isa = PBXBuildFile; fileRef = 485B9DA42FBC5EAE0086E173 /* Script.js */; };
		485B9DE22FBC5EAF0086E173 /* Script.js in Resources */ = {isa = PBXBuildFile; fileRef = 485B9DA42FBC5EAE0086E173 /* Script.js */; };
		485B9DE32FBC5EAF0086E173 /* ViewController.swift in Sources */ = {isa = PBXBuildFile; fileRef = 485B9DA52FBC5EAE0086E173 /* ViewController.swift */; };
		485B9DE42FBC5EAF0086E173 /* ViewController.swift in Sources */ = {isa = PBXBuildFile; fileRef = 485B9DA52FBC5EAE0086E173 /* ViewController.swift */; };
		485B9DE52FBC5EAF0086E173 /* Assets.xcassets in Resources */ = {isa = PBXBuildFile; fileRef = 485B9DA62FBC5EAF0086E173 /* Assets.xcassets */; };
		485B9DE62FBC5EAF0086E173 /* Assets.xcassets in Resources */ = {isa = PBXBuildFile; fileRef = 485B9DA62FBC5EAF0086E173 /* Assets.xcassets */; };
		485B9DE72FBC5EAF0086E173 /* SafariWebExtensionHandler.swift in Sources */ = {isa = PBXBuildFile; fileRef = 485B9DA82FBC5EAF0086E173 /* SafariWebExtensionHandler.swift */; };
		485B9DE82FBC5EAF0086E173 /* SafariWebExtensionHandler.swift in Sources */ = {isa = PBXBuildFile; fileRef = 485B9DA82FBC5EAF0086E173 /* SafariWebExtensionHandler.swift */; };
		485B9DFF2FBC5EAF0086E173 /* service-worker-loader.js in Resources */ = {isa = PBXBuildFile; fileRef = 485B9DFA2FBC5EAF0086E173 /* service-worker-loader.js */; };
		485B9E002FBC5EAF0086E173 /* icons in Resources */ = {isa = PBXBuildFile; fileRef = 485B9DFB2FBC5EAF0086E173 /* icons */; };
		485B9E012FBC5EAF0086E173 /* manifest.json in Resources */ = {isa = PBXBuildFile; fileRef = 485B9DFC2FBC5EAF0086E173 /* manifest.json */; };
		485B9E022FBC5EAF0086E173 /* assets in Resources */ = {isa = PBXBuildFile; fileRef = 485B9DFD2FBC5EAF0086E173 /* assets */; };
		485B9E032FBC5EAF0086E173 /* src in Resources */ = {isa = PBXBuildFile; fileRef = 485B9DFE2FBC5EAF0086E173 /* src */; };
		485B9E042FBC5EAF0086E173 /* service-worker-loader.js in Resources */ = {isa = PBXBuildFile; fileRef = 485B9DFA2FBC5EAF0086E173 /* service-worker-loader.js */; };
		485B9E052FBC5EAF0086E173 /* icons in Resources */ = {isa = PBXBuildFile; fileRef = 485B9DFB2FBC5EAF0086E173 /* icons */; };
		485B9E062FBC5EAF0086E173 /* manifest.json in Resources */ = {isa = PBXBuildFile; fileRef = 485B9DFC2FBC5EAF0086E173 /* manifest.json */; };
		485B9E072FBC5EAF0086E173 /* assets in Resources */ = {isa = PBXBuildFile; fileRef = 485B9DFD2FBC5EAF0086E173 /* assets */; };
		485B9E082FBC5EAF0086E173 /* src in Resources */ = {isa = PBXBuildFile; fileRef = 485B9DFE2FBC5EAF0086E173 /* src */; };
/* End PBXBuildFile section */

/* Begin PBXContainerItemProxy section */
		485B9DCD2FBC5EAF0086E173 /* PBXContainerItemProxy */ = {
			isa = PBXContainerItemProxy;
			containerPortal = 485B9D9A2FBC5EAE0086E173 /* Project object */;
			proxyType = 1;
			remoteGlobalIDString = 485B9DCA2FBC5EAF0086E173;
			remoteInfo = "SitewipeHost Extension (iOS)";
		};
		485B9DD72FBC5EAF0086E173 /* PBXContainerItemProxy */ = {
			isa = PBXContainerItemProxy;
			containerPortal = 485B9D9A2FBC5EAE0086E173 /* Project object */;
			proxyType = 1;
			remoteGlobalIDString = 485B9DD42FBC5EAF0086E173;
			remoteInfo = "SitewipeHost Extension (macOS)";
		};
/* End PBXContainerItemProxy section */

/* Begin PBXCopyFilesBuildPhase section */
		485B9DEE2FBC5EAF0086E173 /* Embed Foundation Extensions */ = {
			isa = PBXCopyFilesBuildPhase;
			buildActionMask = 2147483647;
			dstPath = "";
			dstSubfolderSpec = 13;
			files = (
				485B9DCC2FBC5EAF0086E173 /* SitewipeHost Extension.appex in Embed Foundation Extensions */,
			);
			name = "Embed Foundation Extensions";
			runOnlyForDeploymentPostprocessing = 0;
		};
		485B9DF52FBC5EAF0086E173 /* Embed Foundation Extensions */ = {
			isa = PBXCopyFilesBuildPhase;
			buildActionMask = 2147483647;
			dstPath = "";
			dstSubfolderSpec = 13;
			files = (
				485B9DD62FBC5EAF0086E173 /* SitewipeHost Extension.appex in Embed Foundation Extensions */,
			);
			name = "Embed Foundation Extensions";
			runOnlyForDeploymentPostprocessing = 0;
		};
/* End PBXCopyFilesBuildPhase section */

/* Begin PBXFileReference section */
		485B9DA12FBC5EAE0086E173 /* Base */ = {isa = PBXFileReference; lastKnownFileType = text.html; name = Base; path = Base.lproj/Main.html; sourceTree = "<group>"; };
		485B9DA22FBC5EAE0086E173 /* Icon.png */ = {isa = PBXFileReference; lastKnownFileType = image.png; path = Icon.png; sourceTree = "<group>"; };
		485B9DA32FBC5EAE0086E173 /* Style.css */ = {isa = PBXFileReference; lastKnownFileType = text.css; path = Style.css; sourceTree = "<group>"; };
		485B9DA42FBC5EAE0086E173 /* Script.js */ = {isa = PBXFileReference; lastKnownFileType = sourcecode.javascript; path = Script.js; sourceTree = "<group>"; };
		485B9DA52FBC5EAE0086E173 /* ViewController.swift */ = {isa = PBXFileReference; lastKnownFileType = sourcecode.swift; path = ViewController.swift; sourceTree = "<group>"; };
		485B9DA62FBC5EAF0086E173 /* Assets.xcassets */ = {isa = PBXFileReference; lastKnownFileType = folder.assetcatalog; path = Assets.xcassets; sourceTree = "<group>"; };
		485B9DA82FBC5EAF0086E173 /* SafariWebExtensionHandler.swift */ = {isa = PBXFileReference; lastKnownFileType = sourcecode.swift; path = SafariWebExtensionHandler.swift; sourceTree = "<group>"; };
		485B9DAD2FBC5EAF0086E173 /* SitewipeHost.app */ = {isa = PBXFileReference; explicitFileType = wrapper.application; includeInIndex = 0; path = SitewipeHost.app; sourceTree = BUILT_PRODUCTS_DIR; };
		485B9DB02FBC5EAF0086E173 /* AppDelegate.swift */ = {isa = PBXFileReference; lastKnownFileType = sourcecode.swift; path = AppDelegate.swift; sourceTree = "<group>"; };
		485B9DB22FBC5EAF0086E173 /* SceneDelegate.swift */ = {isa = PBXFileReference; lastKnownFileType = sourcecode.swift; path = SceneDelegate.swift; sourceTree = "<group>"; };
		485B9DB52FBC5EAF0086E173 /* Base */ = {isa = PBXFileReference; lastKnownFileType = file.storyboard; name = Base; path = Base.lproj/LaunchScreen.storyboard; sourceTree = "<group>"; };
		485B9DB82FBC5EAF0086E173 /* Base */ = {isa = PBXFileReference; lastKnownFileType = file.storyboard; name = Base; path = Base.lproj/Main.storyboard; sourceTree = "<group>"; };
		485B9DBA2FBC5EAF0086E173 /* Info.plist */ = {isa = PBXFileReference; lastKnownFileType = text.plist.xml; path = Info.plist; sourceTree = "<group>"; };
		485B9DBF2FBC5EAF0086E173 /* SitewipeHost.app */ = {isa = PBXFileReference; explicitFileType = wrapper.application; includeInIndex = 0; path = SitewipeHost.app; sourceTree = BUILT_PRODUCTS_DIR; };
		485B9DC12FBC5EAF0086E173 /* AppDelegate.swift */ = {isa = PBXFileReference; lastKnownFileType = sourcecode.swift; path = AppDelegate.swift; sourceTree = "<group>"; };
		485B9DC42FBC5EAF0086E173 /* Base */ = {isa = PBXFileReference; lastKnownFileType = file.storyboard; name = Base; path = Base.lproj/Main.storyboard; sourceTree = "<group>"; };
		485B9DC62FBC5EAF0086E173 /* Info.plist */ = {isa = PBXFileReference; lastKnownFileType = text.plist.xml; path = Info.plist; sourceTree = "<group>"; };
		485B9DCB2FBC5EAF0086E173 /* SitewipeHost Extension.appex */ = {isa = PBXFileReference; explicitFileType = "wrapper.app-extension"; includeInIndex = 0; path = "SitewipeHost Extension.appex"; sourceTree = BUILT_PRODUCTS_DIR; };
		485B9DD02FBC5EAF0086E173 /* Info.plist */ = {isa = PBXFileReference; lastKnownFileType = text.plist.xml; path = Info.plist; sourceTree = "<group>"; };
		485B9DD52FBC5EAF0086E173 /* SitewipeHost Extension.appex */ = {isa = PBXFileReference; explicitFileType = "wrapper.app-extension"; includeInIndex = 0; path = "SitewipeHost Extension.appex"; sourceTree = BUILT_PRODUCTS_DIR; };
		485B9DDA2FBC5EAF0086E173 /* Info.plist */ = {isa = PBXFileReference; lastKnownFileType = text.plist.xml; path = Info.plist; sourceTree = "<group>"; };
		485B9DFA2FBC5EAF0086E173 /* service-worker-loader.js */ = {isa = PBXFileReference; lastKnownFileType = sourcecode.javascript; name = "service-worker-loader.js"; path = "Resources/service-worker-loader.js"; sourceTree = "<group>"; };
		485B9DFB2FBC5EAF0086E173 /* icons */ = {isa = PBXFileReference; lastKnownFileType = folder; name = icons; path = Resources/icons; sourceTree = "<group>"; };
		485B9DFC2FBC5EAF0086E173 /* manifest.json */ = {isa = PBXFileReference; lastKnownFileType = text.json; name = manifest.json; path = Resources/manifest.json; sourceTree = "<group>"; };
		485B9DFD2FBC5EAF0086E173 /* assets */ = {isa = PBXFileReference; lastKnownFileType = folder; name = assets; path = Resources/assets; sourceTree = "<group>"; };
		485B9DFE2FBC5EAF0086E173 /* src */ = {isa = PBXFileReference; lastKnownFileType = folder; name = src; path = Resources/src; sourceTree = "<group>"; };
/* End PBXFileReference section */

/* Begin PBXFrameworksBuildPhase section */
		485B9DAA2FBC5EAF0086E173 /* Frameworks */ = {
			isa = PBXFrameworksBuildPhase;
			buildActionMask = 2147483647;
			files = (
			);
			runOnlyForDeploymentPostprocessing = 0;
		};
		485B9DBC2FBC5EAF0086E173 /* Frameworks */ = {
			isa = PBXFrameworksBuildPhase;
			buildActionMask = 2147483647;
			files = (
			);
			runOnlyForDeploymentPostprocessing = 0;
		};
		485B9DC82FBC5EAF0086E173 /* Frameworks */ = {
			isa = PBXFrameworksBuildPhase;
			buildActionMask = 2147483647;
			files = (
			);
			runOnlyForDeploymentPostprocessing = 0;
		};
		485B9DD22FBC5EAF0086E173 /* Frameworks */ = {
			isa = PBXFrameworksBuildPhase;
			buildActionMask = 2147483647;
			files = (
			);
			runOnlyForDeploymentPostprocessing = 0;
		};
/* End PBXFrameworksBuildPhase section */

/* Begin PBXGroup section */
		485B9D992FBC5EAE0086E173 = {
			isa = PBXGroup;
			children = (
				485B9D9E2FBC5EAE0086E173 /* Shared (App) */,
				485B9DA72FBC5EAF0086E173 /* Shared (Extension) */,
				485B9DAF2FBC5EAF0086E173 /* iOS (App) */,
				485B9DC02FBC5EAF0086E173 /* macOS (App) */,
				485B9DCF2FBC5EAF0086E173 /* iOS (Extension) */,
				485B9DD92FBC5EAF0086E173 /* macOS (Extension) */,
				485B9DAE2FBC5EAF0086E173 /* Products */,
			);
			sourceTree = "<group>";
		};
		485B9D9E2FBC5EAE0086E173 /* Shared (App) */ = {
			isa = PBXGroup;
			children = (
				485B9DA52FBC5EAE0086E173 /* ViewController.swift */,
				485B9DA62FBC5EAF0086E173 /* Assets.xcassets */,
				485B9D9F2FBC5EAE0086E173 /* Resources */,
			);
			path = "Shared (App)";
			sourceTree = "<group>";
		};
		485B9D9F2FBC5EAE0086E173 /* Resources */ = {
			isa = PBXGroup;
			children = (
				485B9DA02FBC5EAE0086E173 /* Main.html */,
				485B9DA22FBC5EAE0086E173 /* Icon.png */,
				485B9DA32FBC5EAE0086E173 /* Style.css */,
				485B9DA42FBC5EAE0086E173 /* Script.js */,
			);
			path = Resources;
			sourceTree = "<group>";
		};
		485B9DA72FBC5EAF0086E173 /* Shared (Extension) */ = {
			isa = PBXGroup;
			children = (
				485B9DF92FBC5EAF0086E173 /* Resources */,
				485B9DA82FBC5EAF0086E173 /* SafariWebExtensionHandler.swift */,
			);
			path = "Shared (Extension)";
			sourceTree = "<group>";
		};
		485B9DAE2FBC5EAF0086E173 /* Products */ = {
			isa = PBXGroup;
			children = (
				485B9DAD2FBC5EAF0086E173 /* SitewipeHost.app */,
				485B9DBF2FBC5EAF0086E173 /* SitewipeHost.app */,
				485B9DCB2FBC5EAF0086E173 /* SitewipeHost Extension.appex */,
				485B9DD52FBC5EAF0086E173 /* SitewipeHost Extension.appex */,
			);
			name = Products;
			sourceTree = "<group>";
		};
		485B9DAF2FBC5EAF0086E173 /* iOS (App) */ = {
			isa = PBXGroup;
			children = (
				485B9DB02FBC5EAF0086E173 /* AppDelegate.swift */,
				485B9DB22FBC5EAF0086E173 /* SceneDelegate.swift */,
				485B9DB42FBC5EAF0086E173 /* LaunchScreen.storyboard */,
				485B9DB72FBC5EAF0086E173 /* Main.storyboard */,
				485B9DBA2FBC5EAF0086E173 /* Info.plist */,
			);
			path = "iOS (App)";
			sourceTree = "<group>";
		};
		485B9DC02FBC5EAF0086E173 /* macOS (App) */ = {
			isa = PBXGroup;
			children = (
				485B9DC12FBC5EAF0086E173 /* AppDelegate.swift */,
				485B9DC32FBC5EAF0086E173 /* Main.storyboard */,
				485B9DC62FBC5EAF0086E173 /* Info.plist */,
			);
			path = "macOS (App)";
			sourceTree = "<group>";
		};
		485B9DCF2FBC5EAF0086E173 /* iOS (Extension) */ = {
			isa = PBXGroup;
			children = (
				485B9DD02FBC5EAF0086E173 /* Info.plist */,
			);
			path = "iOS (Extension)";
			sourceTree = "<group>";
		};
		485B9DD92FBC5EAF0086E173 /* macOS (Extension) */ = {
			isa = PBXGroup;
			children = (
				485B9DDA2FBC5EAF0086E173 /* Info.plist */,
			);
			path = "macOS (Extension)";
			sourceTree = "<group>";
		};
		485B9DF92FBC5EAF0086E173 /* Resources */ = {
			isa = PBXGroup;
			children = (
				485B9DFA2FBC5EAF0086E173 /* service-worker-loader.js */,
				485B9DFB2FBC5EAF0086E173 /* icons */,
				485B9DFC2FBC5EAF0086E173 /* manifest.json */,
				485B9DFD2FBC5EAF0086E173 /* assets */,
				485B9DFE2FBC5EAF0086E173 /* src */,
			);
			name = Resources;
			path = "Shared (Extension)";
			sourceTree = SOURCE_ROOT;
		};
/* End PBXGroup section */

/* Begin PBXNativeTarget section */
		485B9DAC2FBC5EAF0086E173 /* SitewipeHost (iOS) */ = {
			isa = PBXNativeTarget;
			buildConfigurationList = 485B9DEF2FBC5EAF0086E173 /* Build configuration list for PBXNativeTarget "SitewipeHost (iOS)" */;
			buildPhases = (
				485B9DA92FBC5EAF0086E173 /* Sources */,
				485B9DAA2FBC5EAF0086E173 /* Frameworks */,
				485B9DAB2FBC5EAF0086E173 /* Resources */,
				485B9DEE2FBC5EAF0086E173 /* Embed Foundation Extensions */,
			);
			buildRules = (
			);
			dependencies = (
				485B9DCE2FBC5EAF0086E173 /* PBXTargetDependency */,
			);
			name = "SitewipeHost (iOS)";
			packageProductDependencies = (
			);
			productName = "SitewipeHost (iOS)";
			productReference = 485B9DAD2FBC5EAF0086E173 /* SitewipeHost.app */;
			productType = "com.apple.product-type.application";
		};
		485B9DBE2FBC5EAF0086E173 /* SitewipeHost (macOS) */ = {
			isa = PBXNativeTarget;
			buildConfigurationList = 485B9DF62FBC5EAF0086E173 /* Build configuration list for PBXNativeTarget "SitewipeHost (macOS)" */;
			buildPhases = (
				485B9DBB2FBC5EAF0086E173 /* Sources */,
				485B9DBC2FBC5EAF0086E173 /* Frameworks */,
				485B9DBD2FBC5EAF0086E173 /* Resources */,
				485B9DF52FBC5EAF0086E173 /* Embed Foundation Extensions */,
			);
			buildRules = (
			);
			dependencies = (
				485B9DD82FBC5EAF0086E173 /* PBXTargetDependency */,
			);
			name = "SitewipeHost (macOS)";
			packageProductDependencies = (
			);
			productName = "SitewipeHost (macOS)";
			productReference = 485B9DBF2FBC5EAF0086E173 /* SitewipeHost.app */;
			productType = "com.apple.product-type.application";
		};
		485B9DCA2FBC5EAF0086E173 /* SitewipeHost Extension (iOS) */ = {
			isa = PBXNativeTarget;
			buildConfigurationList = 485B9DEB2FBC5EAF0086E173 /* Build configuration list for PBXNativeTarget "SitewipeHost Extension (iOS)" */;
			buildPhases = (
				485B9DC72FBC5EAF0086E173 /* Sources */,
				485B9DC82FBC5EAF0086E173 /* Frameworks */,
				485B9DC92FBC5EAF0086E173 /* Resources */,
			);
			buildRules = (
			);
			dependencies = (
			);
			name = "SitewipeHost Extension (iOS)";
			packageProductDependencies = (
			);
			productName = "SitewipeHost Extension (iOS)";
			productReference = 485B9DCB2FBC5EAF0086E173 /* SitewipeHost Extension.appex */;
			productType = "com.apple.product-type.app-extension";
		};
		485B9DD42FBC5EAF0086E173 /* SitewipeHost Extension (macOS) */ = {
			isa = PBXNativeTarget;
			buildConfigurationList = 485B9DF22FBC5EAF0086E173 /* Build configuration list for PBXNativeTarget "SitewipeHost Extension (macOS)" */;
			buildPhases = (
				485B9DD12FBC5EAF0086E173 /* Sources */,
				485B9DD22FBC5EAF0086E173 /* Frameworks */,
				485B9DD32FBC5EAF0086E173 /* Resources */,
			);
			buildRules = (
			);
			dependencies = (
			);
			name = "SitewipeHost Extension (macOS)";
			packageProductDependencies = (
			);
			productName = "SitewipeHost Extension (macOS)";
			productReference = 485B9DD52FBC5EAF0086E173 /* SitewipeHost Extension.appex */;
			productType = "com.apple.product-type.app-extension";
		};
/* End PBXNativeTarget section */

/* Begin PBXProject section */
		485B9D9A2FBC5EAE0086E173 /* Project object */ = {
			isa = PBXProject;
			attributes = {
				BuildIndependentTargetsInParallel = 1;
				LastSwiftUpdateCheck = 2650;
				LastUpgradeCheck = 2650;
				TargetAttributes = {
					485B9DAC2FBC5EAF0086E173 = {
						CreatedOnToolsVersion = 26.5;
					};
					485B9DBE2FBC5EAF0086E173 = {
						CreatedOnToolsVersion = 26.5;
					};
					485B9DCA2FBC5EAF0086E173 = {
						CreatedOnToolsVersion = 26.5;
					};
					485B9DD42FBC5EAF0086E173 = {
						CreatedOnToolsVersion = 26.5;
					};
				};
			};
			buildConfigurationList = 485B9D9D2FBC5EAE0086E173 /* Build configuration list for PBXProject "SitewipeHost" */;
			developmentRegion = en;
			hasScannedForEncodings = 0;
			knownRegions = (
				en,
				Base,
			);
			mainGroup = 485B9D992FBC5EAE0086E173;
			minimizedProjectReferenceProxies = 1;
			preferredProjectObjectVersion = 77;
			productRefGroup = 485B9DAE2FBC5EAF0086E173 /* Products */;
			projectDirPath = "";
			projectRoot = "";
			targets = (
				485B9DAC2FBC5EAF0086E173 /* SitewipeHost (iOS) */,
				485B9DBE2FBC5EAF0086E173 /* SitewipeHost (macOS) */,
				485B9DCA2FBC5EAF0086E173 /* SitewipeHost Extension (iOS) */,
				485B9DD42FBC5EAF0086E173 /* SitewipeHost Extension (macOS) */,
			);
		};
/* End PBXProject section */

/* Begin PBXResourcesBuildPhase section */
		485B9DAB2FBC5EAF0086E173 /* Resources */ = {
			isa = PBXResourcesBuildPhase;
			buildActionMask = 2147483647;
			files = (
				485B9DDD2FBC5EAF0086E173 /* Icon.png in Resources */,
				485B9DB62FBC5EAF0086E173 /* LaunchScreen.storyboard in Resources */,
				485B9DDB2FBC5EAF0086E173 /* Main.html in Resources */,
				485B9DE12FBC5EAF0086E173 /* Script.js in Resources */,
				485B9DE52FBC5EAF0086E173 /* Assets.xcassets in Resources */,
				485B9DB92FBC5EAF0086E173 /* Main.storyboard in Resources */,
				485B9DDF2FBC5EAF0086E173 /* Style.css in Resources */,
			);
			runOnlyForDeploymentPostprocessing = 0;
		};
		485B9DBD2FBC5EAF0086E173 /* Resources */ = {
			isa = PBXResourcesBuildPhase;
			buildActionMask = 2147483647;
			files = (
				485B9DDE2FBC5EAF0086E173 /* Icon.png in Resources */,
				485B9DE02FBC5EAF0086E173 /* Style.css in Resources */,
				485B9DC52FBC5EAF0086E173 /* Main.storyboard in Resources */,
				485B9DE22FBC5EAF0086E173 /* Script.js in Resources */,
				485B9DE62FBC5EAF0086E173 /* Assets.xcassets in Resources */,
				485B9DDC2FBC5EAF0086E173 /* Main.html in Resources */,
			);
			runOnlyForDeploymentPostprocessing = 0;
		};
		485B9DC92FBC5EAF0086E173 /* Resources */ = {
			isa = PBXResourcesBuildPhase;
			buildActionMask = 2147483647;
			files = (
				485B9E042FBC5EAF0086E173 /* service-worker-loader.js in Resources */,
				485B9E072FBC5EAF0086E173 /* assets in Resources */,
				485B9E062FBC5EAF0086E173 /* manifest.json in Resources */,
				485B9E052FBC5EAF0086E173 /* icons in Resources */,
				485B9E082FBC5EAF0086E173 /* src in Resources */,
			);
			runOnlyForDeploymentPostprocessing = 0;
		};
		485B9DD32FBC5EAF0086E173 /* Resources */ = {
			isa = PBXResourcesBuildPhase;
			buildActionMask = 2147483647;
			files = (
				485B9DFF2FBC5EAF0086E173 /* service-worker-loader.js in Resources */,
				485B9E022FBC5EAF0086E173 /* assets in Resources */,
				485B9E012FBC5EAF0086E173 /* manifest.json in Resources */,
				485B9E002FBC5EAF0086E173 /* icons in Resources */,
				485B9E032FBC5EAF0086E173 /* src in Resources */,
			);
			runOnlyForDeploymentPostprocessing = 0;
		};
/* End PBXResourcesBuildPhase section */

/* Begin PBXSourcesBuildPhase section */
		485B9DA92FBC5EAF0086E173 /* Sources */ = {
			isa = PBXSourcesBuildPhase;
			buildActionMask = 2147483647;
			files = (
				485B9DE32FBC5EAF0086E173 /* ViewController.swift in Sources */,
				485B9DB12FBC5EAF0086E173 /* AppDelegate.swift in Sources */,
				485B9DB32FBC5EAF0086E173 /* SceneDelegate.swift in Sources */,
			);
			runOnlyForDeploymentPostprocessing = 0;
		};
		485B9DBB2FBC5EAF0086E173 /* Sources */ = {
			isa = PBXSourcesBuildPhase;
			buildActionMask = 2147483647;
			files = (
				485B9DE42FBC5EAF0086E173 /* ViewController.swift in Sources */,
				485B9DC22FBC5EAF0086E173 /* AppDelegate.swift in Sources */,
			);
			runOnlyForDeploymentPostprocessing = 0;
		};
		485B9DC72FBC5EAF0086E173 /* Sources */ = {
			isa = PBXSourcesBuildPhase;
			buildActionMask = 2147483647;
			files = (
				485B9DE72FBC5EAF0086E173 /* SafariWebExtensionHandler.swift in Sources */,
			);
			runOnlyForDeploymentPostprocessing = 0;
		};
		485B9DD12FBC5EAF0086E173 /* Sources */ = {
			isa = PBXSourcesBuildPhase;
			buildActionMask = 2147483647;
			files = (
				485B9DE82FBC5EAF0086E173 /* SafariWebExtensionHandler.swift in Sources */,
			);
			runOnlyForDeploymentPostprocessing = 0;
		};
/* End PBXSourcesBuildPhase section */

/* Begin PBXTargetDependency section */
		485B9DCE2FBC5EAF0086E173 /* PBXTargetDependency */ = {
			isa = PBXTargetDependency;
			target = 485B9DCA2FBC5EAF0086E173 /* SitewipeHost Extension (iOS) */;
			targetProxy = 485B9DCD2FBC5EAF0086E173 /* PBXContainerItemProxy */;
		};
		485B9DD82FBC5EAF0086E173 /* PBXTargetDependency */ = {
			isa = PBXTargetDependency;
			target = 485B9DD42FBC5EAF0086E173 /* SitewipeHost Extension (macOS) */;
			targetProxy = 485B9DD72FBC5EAF0086E173 /* PBXContainerItemProxy */;
		};
/* End PBXTargetDependency section */

/* Begin PBXVariantGroup section */
		485B9DA02FBC5EAE0086E173 /* Main.html */ = {
			isa = PBXVariantGroup;
			children = (
				485B9DA12FBC5EAE0086E173 /* Base */,
			);
			name = Main.html;
			sourceTree = "<group>";
		};
		485B9DB42FBC5EAF0086E173 /* LaunchScreen.storyboard */ = {
			isa = PBXVariantGroup;
			children = (
				485B9DB52FBC5EAF0086E173 /* Base */,
			);
			name = LaunchScreen.storyboard;
			sourceTree = "<group>";
		};
		485B9DB72FBC5EAF0086E173 /* Main.storyboard */ = {
			isa = PBXVariantGroup;
			children = (
				485B9DB82FBC5EAF0086E173 /* Base */,
			);
			name = Main.storyboard;
			sourceTree = "<group>";
		};
		485B9DC32FBC5EAF0086E173 /* Main.storyboard */ = {
			isa = PBXVariantGroup;
			children = (
				485B9DC42FBC5EAF0086E173 /* Base */,
			);
			name = Main.storyboard;
			sourceTree = "<group>";
		};
/* End PBXVariantGroup section */

/* Begin XCBuildConfiguration section */
		485B9DE92FBC5EAF0086E173 /* Debug */ = {
			isa = XCBuildConfiguration;
			buildSettings = {
				ALWAYS_SEARCH_USER_PATHS = NO;
				ASSETCATALOG_COMPILER_GENERATE_SWIFT_ASSET_SYMBOL_EXTENSIONS = YES;
				CLANG_ANALYZER_NONNULL = YES;
				CLANG_ANALYZER_NUMBER_OBJECT_CONVERSION = YES_AGGRESSIVE;
				CLANG_CXX_LANGUAGE_STANDARD = "gnu++20";
				CLANG_ENABLE_MODULES = YES;
				CLANG_ENABLE_OBJC_ARC = YES;
				CLANG_ENABLE_OBJC_WEAK = YES;
				CLANG_WARN_BLOCK_CAPTURE_AUTORELEASING = YES;
				CLANG_WARN_BOOL_CONVERSION = YES;
				CLANG_WARN_COMMA = YES;
				CLANG_WARN_CONSTANT_CONVERSION = YES;
				CLANG_WARN_DEPRECATED_OBJC_IMPLEMENTATIONS = YES;
				CLANG_WARN_DIRECT_OBJC_ISA_USAGE = YES_ERROR;
				CLANG_WARN_DOCUMENTATION_COMMENTS = YES;
				CLANG_WARN_EMPTY_BODY = YES;
				CLANG_WARN_ENUM_CONVERSION = YES;
				CLANG_WARN_INFINITE_RECURSION = YES;
				CLANG_WARN_INT_CONVERSION = YES;
				CLANG_WARN_NON_LITERAL_NULL_CONVERSION = YES;
				CLANG_WARN_OBJC_IMPLICIT_RETAIN_SELF = YES;
				CLANG_WARN_OBJC_LITERAL_CONVERSION = YES;
				CLANG_WARN_OBJC_ROOT_CLASS = YES_ERROR;
				CLANG_WARN_QUOTED_INCLUDE_IN_FRAMEWORK_HEADER = YES;
				CLANG_WARN_RANGE_LOOP_ANALYSIS = YES;
				CLANG_WARN_STRICT_PROTOTYPES = YES;
				CLANG_WARN_SUSPICIOUS_MOVE = YES;
				CLANG_WARN_UNGUARDED_AVAILABILITY = YES_AGGRESSIVE;
				CLANG_WARN_UNREACHABLE_CODE = YES;
				CLANG_WARN__DUPLICATE_METHOD_MATCH = YES;
				COPY_PHASE_STRIP = NO;
				DEBUG_INFORMATION_FORMAT = dwarf;
				ENABLE_STRICT_OBJC_MSGSEND = YES;
				ENABLE_TESTABILITY = YES;
				ENABLE_USER_SCRIPT_SANDBOXING = YES;
				GCC_C_LANGUAGE_STANDARD = gnu17;
				GCC_DYNAMIC_NO_PIC = NO;
				GCC_NO_COMMON_BLOCKS = YES;
				GCC_OPTIMIZATION_LEVEL = 0;
				GCC_PREPROCESSOR_DEFINITIONS = (
					"DEBUG=1",
					"$(inherited)",
				);
				GCC_WARN_64_TO_32_BIT_CONVERSION = YES;
				GCC_WARN_ABOUT_RETURN_TYPE = YES_ERROR;
				GCC_WARN_UNDECLARED_SELECTOR = YES;
				GCC_WARN_UNINITIALIZED_AUTOS = YES_AGGRESSIVE;
				GCC_WARN_UNUSED_FUNCTION = YES;
				GCC_WARN_UNUSED_VARIABLE = YES;
				LOCALIZATION_PREFERS_STRING_CATALOGS = YES;
				MTL_ENABLE_DEBUG_INFO = INCLUDE_SOURCE;
				MTL_FAST_MATH = YES;
				ONLY_ACTIVE_ARCH = YES;
				SWIFT_ACTIVE_COMPILATION_CONDITIONS = "DEBUG $(inherited)";
				SWIFT_OPTIMIZATION_LEVEL = "-Onone";
			};
			name = Debug;
		};
		485B9DEA2FBC5EAF0086E173 /* Release */ = {
			isa = XCBuildConfiguration;
			buildSettings = {
				ALWAYS_SEARCH_USER_PATHS = NO;
				ASSETCATALOG_COMPILER_GENERATE_SWIFT_ASSET_SYMBOL_EXTENSIONS = YES;
				CLANG_ANALYZER_NONNULL = YES;
				CLANG_ANALYZER_NUMBER_OBJECT_CONVERSION = YES_AGGRESSIVE;
				CLANG_CXX_LANGUAGE_STANDARD = "gnu++20";
				CLANG_ENABLE_MODULES = YES;
				CLANG_ENABLE_OBJC_ARC = YES;
				CLANG_ENABLE_OBJC_WEAK = YES;
				CLANG_WARN_BLOCK_CAPTURE_AUTORELEASING = YES;
				CLANG_WARN_BOOL_CONVERSION = YES;
				CLANG_WARN_COMMA = YES;
				CLANG_WARN_CONSTANT_CONVERSION = YES;
				CLANG_WARN_DEPRECATED_OBJC_IMPLEMENTATIONS = YES;
				CLANG_WARN_DIRECT_OBJC_ISA_USAGE = YES_ERROR;
				CLANG_WARN_DOCUMENTATION_COMMENTS = YES;
				CLANG_WARN_EMPTY_BODY = YES;
				CLANG_WARN_ENUM_CONVERSION = YES;
				CLANG_WARN_INFINITE_RECURSION = YES;
				CLANG_WARN_INT_CONVERSION = YES;
				CLANG_WARN_NON_LITERAL_NULL_CONVERSION = YES;
				CLANG_WARN_OBJC_IMPLICIT_RETAIN_SELF = YES;
				CLANG_WARN_OBJC_LITERAL_CONVERSION = YES;
				CLANG_WARN_OBJC_ROOT_CLASS = YES_ERROR;
				CLANG_WARN_QUOTED_INCLUDE_IN_FRAMEWORK_HEADER = YES;
				CLANG_WARN_RANGE_LOOP_ANALYSIS = YES;
				CLANG_WARN_STRICT_PROTOTYPES = YES;
				CLANG_WARN_SUSPICIOUS_MOVE = YES;
				CLANG_WARN_UNGUARDED_AVAILABILITY = YES_AGGRESSIVE;
				CLANG_WARN_UNREACHABLE_CODE = YES;
				CLANG_WARN__DUPLICATE_METHOD_MATCH = YES;
				COPY_PHASE_STRIP = NO;
				DEBUG_INFORMATION_FORMAT = "dwarf-with-dsym";
				ENABLE_NS_ASSERTIONS = NO;
				ENABLE_STRICT_OBJC_MSGSEND = YES;
				ENABLE_USER_SCRIPT_SANDBOXING = YES;
				GCC_C_LANGUAGE_STANDARD = gnu17;
				GCC_NO_COMMON_BLOCKS = YES;
				GCC_WARN_64_TO_32_BIT_CONVERSION = YES;
				GCC_WARN_ABOUT_RETURN_TYPE = YES_ERROR;
				GCC_WARN_UNDECLARED_SELECTOR = YES;
				GCC_WARN_UNINITIALIZED_AUTOS = YES_AGGRESSIVE;
				GCC_WARN_UNUSED_FUNCTION = YES;
				GCC_WARN_UNUSED_VARIABLE = YES;
				LOCALIZATION_PREFERS_STRING_CATALOGS = YES;
				MTL_ENABLE_DEBUG_INFO = NO;
				MTL_FAST_MATH = YES;
				SWIFT_COMPILATION_MODE = wholemodule;
			};
			name = Release;
		};
		485B9DEC2FBC5EAF0086E173 /* Debug */ = {
			isa = XCBuildConfiguration;
			buildSettings = {
				CODE_SIGN_STYLE = Automatic;
				CURRENT_PROJECT_VERSION = 1;
				DEVELOPMENT_TEAM = FXM2HJD49Q;
				GENERATE_INFOPLIST_FILE = YES;
				INFOPLIST_FILE = "iOS (Extension)/Info.plist";
				INFOPLIST_KEY_CFBundleDisplayName = "SitewipeHost Extension";
				INFOPLIST_KEY_NSHumanReadableCopyright = "";
				IPHONEOS_DEPLOYMENT_TARGET = 15.0;
				LD_RUNPATH_SEARCH_PATHS = (
					"$(inherited)",
					"@executable_path/Frameworks",
					"@executable_path/../../Frameworks",
				);
				MARKETING_VERSION = 1.0;
				OTHER_LDFLAGS = (
					"-framework",
					SafariServices,
				);
				PRODUCT_BUNDLE_IDENTIFIER = com.phinq.SitewipeHost.Extension;
				PRODUCT_NAME = "SitewipeHost Extension";
				SDKROOT = iphoneos;
				SKIP_INSTALL = YES;
				STRING_CATALOG_GENERATE_SYMBOLS = YES;
				SUPPORTED_PLATFORMS = "iphoneos iphonesimulator";
				SUPPORTS_MACCATALYST = NO;
				SUPPORTS_XR_DESIGNED_FOR_IPHONE_IPAD = NO;
				SWIFT_APPROACHABLE_CONCURRENCY = YES;
				SWIFT_EMIT_LOC_STRINGS = YES;
				SWIFT_UPCOMING_FEATURE_MEMBER_IMPORT_VISIBILITY = YES;
				SWIFT_VERSION = 5.0;
				TARGETED_DEVICE_FAMILY = "1,2";
			};
			name = Debug;
		};
		485B9DED2FBC5EAF0086E173 /* Release */ = {
			isa = XCBuildConfiguration;
			buildSettings = {
				CODE_SIGN_STYLE = Automatic;
				CURRENT_PROJECT_VERSION = 1;
				DEVELOPMENT_TEAM = FXM2HJD49Q;
				GENERATE_INFOPLIST_FILE = YES;
				INFOPLIST_FILE = "iOS (Extension)/Info.plist";
				INFOPLIST_KEY_CFBundleDisplayName = "SitewipeHost Extension";
				INFOPLIST_KEY_NSHumanReadableCopyright = "";
				IPHONEOS_DEPLOYMENT_TARGET = 15.0;
				LD_RUNPATH_SEARCH_PATHS = (
					"$(inherited)",
					"@executable_path/Frameworks",
					"@executable_path/../../Frameworks",
				);
				MARKETING_VERSION = 1.0;
				OTHER_LDFLAGS = (
					"-framework",
					SafariServices,
				);
				PRODUCT_BUNDLE_IDENTIFIER = com.phinq.SitewipeHost.Extension;
				PRODUCT_NAME = "SitewipeHost Extension";
				SDKROOT = iphoneos;
				SKIP_INSTALL = YES;
				STRING_CATALOG_GENERATE_SYMBOLS = YES;
				SUPPORTED_PLATFORMS = "iphoneos iphonesimulator";
				SUPPORTS_MACCATALYST = NO;
				SUPPORTS_XR_DESIGNED_FOR_IPHONE_IPAD = NO;
				SWIFT_APPROACHABLE_CONCURRENCY = YES;
				SWIFT_EMIT_LOC_STRINGS = YES;
				SWIFT_UPCOMING_FEATURE_MEMBER_IMPORT_VISIBILITY = YES;
				SWIFT_VERSION = 5.0;
				TARGETED_DEVICE_FAMILY = "1,2";
				VALIDATE_PRODUCT = YES;
			};
			name = Release;
		};
		485B9DF02FBC5EAF0086E173 /* Debug */ = {
			isa = XCBuildConfiguration;
			buildSettings = {
				ASSETCATALOG_COMPILER_APPICON_NAME = AppIcon;
				ASSETCATALOG_COMPILER_GLOBAL_ACCENT_COLOR_NAME = AccentColor;
				CODE_SIGN_STYLE = Automatic;
				CURRENT_PROJECT_VERSION = 1;
				DEVELOPMENT_TEAM = FXM2HJD49Q;
				GENERATE_INFOPLIST_FILE = YES;
				INFOPLIST_FILE = "iOS (App)/Info.plist";
				INFOPLIST_KEY_CFBundleDisplayName = SitewipeHost;
				INFOPLIST_KEY_LSApplicationCategoryType = "public.app-category.developer-tools";
				INFOPLIST_KEY_UIApplicationSupportsIndirectInputEvents = YES;
				INFOPLIST_KEY_UILaunchStoryboardName = LaunchScreen;
				INFOPLIST_KEY_UIMainStoryboardFile = Main;
				INFOPLIST_KEY_UISupportedInterfaceOrientations = "UIInterfaceOrientationPortrait UIInterfaceOrientationLandscapeLeft UIInterfaceOrientationLandscapeRight";
				INFOPLIST_KEY_UISupportedInterfaceOrientations_iPad = "UIInterfaceOrientationPortrait UIInterfaceOrientationPortraitUpsideDown UIInterfaceOrientationLandscapeLeft UIInterfaceOrientationLandscapeRight";
				IPHONEOS_DEPLOYMENT_TARGET = 15.0;
				LD_RUNPATH_SEARCH_PATHS = (
					"$(inherited)",
					"@executable_path/Frameworks",
				);
				MARKETING_VERSION = 1.0;
				OTHER_LDFLAGS = (
					"-framework",
					SafariServices,
					"-framework",
					WebKit,
				);
				PRODUCT_BUNDLE_IDENTIFIER = com.phinq.SitewipeHost;
				PRODUCT_NAME = SitewipeHost;
				SDKROOT = iphoneos;
				STRING_CATALOG_GENERATE_SYMBOLS = YES;
				SUPPORTED_PLATFORMS = "iphoneos iphonesimulator";
				SUPPORTS_MACCATALYST = NO;
				SUPPORTS_XR_DESIGNED_FOR_IPHONE_IPAD = NO;
				SWIFT_APPROACHABLE_CONCURRENCY = YES;
				SWIFT_DEFAULT_ACTOR_ISOLATION = MainActor;
				SWIFT_EMIT_LOC_STRINGS = YES;
				SWIFT_UPCOMING_FEATURE_MEMBER_IMPORT_VISIBILITY = YES;
				SWIFT_VERSION = 5.0;
				TARGETED_DEVICE_FAMILY = "1,2";
			};
			name = Debug;
		};
		485B9DF12FBC5EAF0086E173 /* Release */ = {
			isa = XCBuildConfiguration;
			buildSettings = {
				ASSETCATALOG_COMPILER_APPICON_NAME = AppIcon;
				ASSETCATALOG_COMPILER_GLOBAL_ACCENT_COLOR_NAME = AccentColor;
				CODE_SIGN_STYLE = Automatic;
				CURRENT_PROJECT_VERSION = 1;
				DEVELOPMENT_TEAM = FXM2HJD49Q;
				GENERATE_INFOPLIST_FILE = YES;
				INFOPLIST_FILE = "iOS (App)/Info.plist";
				INFOPLIST_KEY_CFBundleDisplayName = SitewipeHost;
				INFOPLIST_KEY_LSApplicationCategoryType = "public.app-category.developer-tools";
				INFOPLIST_KEY_UIApplicationSupportsIndirectInputEvents = YES;
				INFOPLIST_KEY_UILaunchStoryboardName = LaunchScreen;
				INFOPLIST_KEY_UIMainStoryboardFile = Main;
				INFOPLIST_KEY_UISupportedInterfaceOrientations = "UIInterfaceOrientationPortrait UIInterfaceOrientationLandscapeLeft UIInterfaceOrientationLandscapeRight";
				INFOPLIST_KEY_UISupportedInterfaceOrientations_iPad = "UIInterfaceOrientationPortrait UIInterfaceOrientationPortraitUpsideDown UIInterfaceOrientationLandscapeLeft UIInterfaceOrientationLandscapeRight";
				IPHONEOS_DEPLOYMENT_TARGET = 15.0;
				LD_RUNPATH_SEARCH_PATHS = (
					"$(inherited)",
					"@executable_path/Frameworks",
				);
				MARKETING_VERSION = 1.0;
				OTHER_LDFLAGS = (
					"-framework",
					SafariServices,
					"-framework",
					WebKit,
				);
				PRODUCT_BUNDLE_IDENTIFIER = com.phinq.SitewipeHost;
				PRODUCT_NAME = SitewipeHost;
				SDKROOT = iphoneos;
				STRING_CATALOG_GENERATE_SYMBOLS = YES;
				SUPPORTED_PLATFORMS = "iphoneos iphonesimulator";
				SUPPORTS_MACCATALYST = NO;
				SUPPORTS_XR_DESIGNED_FOR_IPHONE_IPAD = NO;
				SWIFT_APPROACHABLE_CONCURRENCY = YES;
				SWIFT_DEFAULT_ACTOR_ISOLATION = MainActor;
				SWIFT_EMIT_LOC_STRINGS = YES;
				SWIFT_UPCOMING_FEATURE_MEMBER_IMPORT_VISIBILITY = YES;
				SWIFT_VERSION = 5.0;
				TARGETED_DEVICE_FAMILY = "1,2";
				VALIDATE_PRODUCT = YES;
			};
			name = Release;
		};
		485B9DF32FBC5EAF0086E173 /* Debug */ = {
			isa = XCBuildConfiguration;
			buildSettings = {
				CODE_SIGN_STYLE = Automatic;
				CURRENT_PROJECT_VERSION = 1;
				DEVELOPMENT_TEAM = FXM2HJD49Q;
				ENABLE_APP_SANDBOX = YES;
				ENABLE_HARDENED_RUNTIME = YES;
				ENABLE_USER_SELECTED_FILES = readonly;
				GENERATE_INFOPLIST_FILE = YES;
				INFOPLIST_FILE = "macOS (Extension)/Info.plist";
				INFOPLIST_KEY_CFBundleDisplayName = "SitewipeHost Extension";
				INFOPLIST_KEY_NSHumanReadableCopyright = "";
				LD_RUNPATH_SEARCH_PATHS = (
					"$(inherited)",
					"@executable_path/../Frameworks",
					"@executable_path/../../../../Frameworks",
				);
				MACOSX_DEPLOYMENT_TARGET = 13.5;
				MARKETING_VERSION = 1.0;
				OTHER_LDFLAGS = (
					"-framework",
					SafariServices,
				);
				PRODUCT_BUNDLE_IDENTIFIER = com.phinq.SitewipeHost.Extension;
				PRODUCT_NAME = "SitewipeHost Extension";
				SDKROOT = macosx;
				SKIP_INSTALL = YES;
				STRING_CATALOG_GENERATE_SYMBOLS = YES;
				SWIFT_APPROACHABLE_CONCURRENCY = YES;
				SWIFT_EMIT_LOC_STRINGS = YES;
				SWIFT_UPCOMING_FEATURE_MEMBER_IMPORT_VISIBILITY = YES;
				SWIFT_VERSION = 5.0;
			};
			name = Debug;
		};
		485B9DF42FBC5EAF0086E173 /* Release */ = {
			isa = XCBuildConfiguration;
			buildSettings = {
				CODE_SIGN_STYLE = Automatic;
				CURRENT_PROJECT_VERSION = 1;
				DEVELOPMENT_TEAM = FXM2HJD49Q;
				ENABLE_APP_SANDBOX = YES;
				ENABLE_HARDENED_RUNTIME = YES;
				ENABLE_USER_SELECTED_FILES = readonly;
				GENERATE_INFOPLIST_FILE = YES;
				INFOPLIST_FILE = "macOS (Extension)/Info.plist";
				INFOPLIST_KEY_CFBundleDisplayName = "SitewipeHost Extension";
				INFOPLIST_KEY_NSHumanReadableCopyright = "";
				LD_RUNPATH_SEARCH_PATHS = (
					"$(inherited)",
					"@executable_path/../Frameworks",
					"@executable_path/../../../../Frameworks",
				);
				MACOSX_DEPLOYMENT_TARGET = 13.5;
				MARKETING_VERSION = 1.0;
				OTHER_LDFLAGS = (
					"-framework",
					SafariServices,
				);
				PRODUCT_BUNDLE_IDENTIFIER = com.phinq.SitewipeHost.Extension;
				PRODUCT_NAME = "SitewipeHost Extension";
				SDKROOT = macosx;
				SKIP_INSTALL = YES;
				STRING_CATALOG_GENERATE_SYMBOLS = YES;
				SWIFT_APPROACHABLE_CONCURRENCY = YES;
				SWIFT_EMIT_LOC_STRINGS = YES;
				SWIFT_UPCOMING_FEATURE_MEMBER_IMPORT_VISIBILITY = YES;
				SWIFT_VERSION = 5.0;
			};
			name = Release;
		};
		485B9DF72FBC5EAF0086E173 /* Debug */ = {
			isa = XCBuildConfiguration;
			buildSettings = {
				ASSETCATALOG_COMPILER_APPICON_NAME = AppIcon;
				ASSETCATALOG_COMPILER_GLOBAL_ACCENT_COLOR_NAME = AccentColor;
				CODE_SIGN_STYLE = Automatic;
				CURRENT_PROJECT_VERSION = 1;
				DEVELOPMENT_TEAM = FXM2HJD49Q;
				ENABLE_APP_SANDBOX = YES;
				ENABLE_HARDENED_RUNTIME = YES;
				ENABLE_OUTGOING_NETWORK_CONNECTIONS = YES;
				ENABLE_USER_SELECTED_FILES = readonly;
				GENERATE_INFOPLIST_FILE = YES;
				INFOPLIST_FILE = "macOS (App)/Info.plist";
				INFOPLIST_KEY_CFBundleDisplayName = SitewipeHost;
				INFOPLIST_KEY_LSApplicationCategoryType = "public.app-category.developer-tools";
				INFOPLIST_KEY_NSMainStoryboardFile = Main;
				INFOPLIST_KEY_NSPrincipalClass = NSApplication;
				LD_RUNPATH_SEARCH_PATHS = (
					"$(inherited)",
					"@executable_path/../Frameworks",
				);
				MACOSX_DEPLOYMENT_TARGET = 13.5;
				MARKETING_VERSION = 1.0;
				OTHER_LDFLAGS = (
					"-framework",
					SafariServices,
					"-framework",
					WebKit,
				);
				PRODUCT_BUNDLE_IDENTIFIER = com.phinq.SitewipeHost;
				PRODUCT_NAME = SitewipeHost;
				REGISTER_APP_GROUPS = YES;
				SDKROOT = macosx;
				STRING_CATALOG_GENERATE_SYMBOLS = YES;
				SWIFT_APPROACHABLE_CONCURRENCY = YES;
				SWIFT_DEFAULT_ACTOR_ISOLATION = MainActor;
				SWIFT_EMIT_LOC_STRINGS = YES;
				SWIFT_UPCOMING_FEATURE_MEMBER_IMPORT_VISIBILITY = YES;
				SWIFT_VERSION = 5.0;
			};
			name = Debug;
		};
		485B9DF82FBC5EAF0086E173 /* Release */ = {
			isa = XCBuildConfiguration;
			buildSettings = {
				ASSETCATALOG_COMPILER_APPICON_NAME = AppIcon;
				ASSETCATALOG_COMPILER_GLOBAL_ACCENT_COLOR_NAME = AccentColor;
				CODE_SIGN_STYLE = Automatic;
				CURRENT_PROJECT_VERSION = 1;
				DEVELOPMENT_TEAM = FXM2HJD49Q;
				ENABLE_APP_SANDBOX = YES;
				ENABLE_HARDENED_RUNTIME = YES;
				ENABLE_OUTGOING_NETWORK_CONNECTIONS = YES;
				ENABLE_USER_SELECTED_FILES = readonly;
				GENERATE_INFOPLIST_FILE = YES;
				INFOPLIST_FILE = "macOS (App)/Info.plist";
				INFOPLIST_KEY_CFBundleDisplayName = SitewipeHost;
				INFOPLIST_KEY_LSApplicationCategoryType = "public.app-category.developer-tools";
				INFOPLIST_KEY_NSMainStoryboardFile = Main;
				INFOPLIST_KEY_NSPrincipalClass = NSApplication;
				LD_RUNPATH_SEARCH_PATHS = (
					"$(inherited)",
					"@executable_path/../Frameworks",
				);
				MACOSX_DEPLOYMENT_TARGET = 13.5;
				MARKETING_VERSION = 1.0;
				OTHER_LDFLAGS = (
					"-framework",
					SafariServices,
					"-framework",
					WebKit,
				);
				PRODUCT_BUNDLE_IDENTIFIER = com.phinq.SitewipeHost;
				PRODUCT_NAME = SitewipeHost;
				REGISTER_APP_GROUPS = YES;
				SDKROOT = macosx;
				STRING_CATALOG_GENERATE_SYMBOLS = YES;
				SWIFT_APPROACHABLE_CONCURRENCY = YES;
				SWIFT_DEFAULT_ACTOR_ISOLATION = MainActor;
				SWIFT_EMIT_LOC_STRINGS = YES;
				SWIFT_UPCOMING_FEATURE_MEMBER_IMPORT_VISIBILITY = YES;
				SWIFT_VERSION = 5.0;
			};
			name = Release;
		};
/* End XCBuildConfiguration section */

/* Begin XCConfigurationList section */
		485B9D9D2FBC5EAE0086E173 /* Build configuration list for PBXProject "SitewipeHost" */ = {
			isa = XCConfigurationList;
			buildConfigurations = (
				485B9DE92FBC5EAF0086E173 /* Debug */,
				485B9DEA2FBC5EAF0086E173 /* Release */,
			);
			defaultConfigurationIsVisible = 0;
			defaultConfigurationName = Release;
		};
		485B9DEB2FBC5EAF0086E173 /* Build configuration list for PBXNativeTarget "SitewipeHost Extension (iOS)" */ = {
			isa = XCConfigurationList;
			buildConfigurations = (
				485B9DEC2FBC5EAF0086E173 /* Debug */,
				485B9DED2FBC5EAF0086E173 /* Release */,
			);
			defaultConfigurationIsVisible = 0;
			defaultConfigurationName = Release;
		};
		485B9DEF2FBC5EAF0086E173 /* Build configuration list for PBXNativeTarget "SitewipeHost (iOS)" */ = {
			isa = XCConfigurationList;
			buildConfigurations = (
				485B9DF02FBC5EAF0086E173 /* Debug */,
				485B9DF12FBC5EAF0086E173 /* Release */,
			);
			defaultConfigurationIsVisible = 0;
			defaultConfigurationName = Release;
		};
		485B9DF22FBC5EAF0086E173 /* Build configuration list for PBXNativeTarget "SitewipeHost Extension (macOS)" */ = {
			isa = XCConfigurationList;
			buildConfigurations = (
				485B9DF32FBC5EAF0086E173 /* Debug */,
				485B9DF42FBC5EAF0086E173 /* Release */,
			);
			defaultConfigurationIsVisible = 0;
			defaultConfigurationName = Release;
		};
		485B9DF62FBC5EAF0086E173 /* Build configuration list for PBXNativeTarget "SitewipeHost (macOS)" */ = {
			isa = XCConfigurationList;
			buildConfigurations = (
				485B9DF72FBC5EAF0086E173 /* Debug */,
				485B9DF82FBC5EAF0086E173 /* Release */,
			);
			defaultConfigurationIsVisible = 0;
			defaultConfigurationName = Release;
		};
/* End XCConfigurationList section */
	};
	rootObject = 485B9D9A2FBC5EAE0086E173 /* Project object */;
}
